
Microsoft Visual Studio Solution File, Format Version 12.00
# Visual Studio Version 16
VisualStudioVersion = 16.0.29411.108
MinimumVisualStudioVersion = 10.0.40219.1
Project("{9A19103F-16F7-4668-BE54-9A1E7A4F7556}") = "apiBaseCore", "apiBaseCore\apiBaseCore.csproj", "{C783AFF5-8B5F-4CF8-A031-2C0350FE6E5E}"
EndProject
Project("{9A19103F-16F7-4668-BE54-9A1E7A4F7556}") = "Contracts", "Contracts\Contracts.csproj", "{954235E3-F8C7-4049-903A-39A72CEE41A3}"
EndProject
Project("{9A19103F-16F7-4668-BE54-9A1E7A4F7556}") = "LoggerService", "LoggerService\LoggerService.csproj", "{ED5D447B-525C-411C-A5BF-3F2D866BE051}"
EndProject
Project("{9A19103F-16F7-4668-BE54-9A1E7A4F7556}") = "Entities", "Entities\Entities.csproj", "{93DF8E4B-042C-4FAA-BD3F-DBB089F5C370}"
EndProject
Project("{9A19103F-16F7-4668-BE54-9A1E7A4F7556}") = "Repository", "Repository\Repository.csproj", "{B4D94D0A-864D-4309-BCE0-A67CCF3721E4}"
EndProject
Project("{9A19103F-16F7-4668-BE54-9A1E7A4F7556}") = "ProtectionData", "ProtectionData\ProtectionData.csproj", "{2D20AF75-0F4C-48C9-9DF5-7D6606867968}"
EndProject
Project("{FAE04EC0-301F-11D3-BF4B-00C04F79EFBC}") = "Notifications", "Notifications\Notifications.csproj", "{42B61F22-16E8-4AA7-B370-BB26C181700D}"
EndProject
Project("{FAE04EC0-301F-11D3-BF4B-00C04F79EFBC}") = "apiBaseCore.Tests", "apiBaseCore.Tests\apiBaseCore.Tests.csproj", "{F3FE517F-BA47-4519-8C8A-C302E77E5918}"
EndProject
Global
	GlobalSection(SolutionConfigurationPlatforms) = preSolution
		Debug|Any CPU = Debug|Any CPU
		Release|Any CPU = Release|Any CPU
	EndGlobalSection
	GlobalSection(ProjectConfigurationPlatforms) = postSolution
		{C783AFF5-8B5F-4CF8-A031-2C0350FE6E5E}.Debug|Any CPU.ActiveCfg = Debug|Any CPU
		{C783AFF5-8B5F-4CF8-A031-2C0350FE6E5E}.Debug|Any CPU.Build.0 = Debug|Any CPU
		{C783AFF5-8B5F-4CF8-A031-2C0350FE6E5E}.Release|Any CPU.ActiveCfg = Release|Any CPU
		{C783AFF5-8B5F-4CF8-A031-2C0350FE6E5E}.Release|Any CPU.Build.0 = Release|Any CPU
		{954235E3-F8C7-4049-903A-39A72CEE41A3}.Debug|Any CPU.ActiveCfg = Debug|Any CPU
		{954235E3-F8C7-4049-903A-39A72CEE41A3}.Debug|Any CPU.Build.0 = Debug|Any CPU
		{954235E3-F8C7-4049-903A-39A72CEE41A3}.Release|Any CPU.ActiveCfg = Release|Any CPU
		{954235E3-F8C7-4049-903A-39A72CEE41A3}.Release|Any CPU.Build.0 = Release|Any CPU
		{ED5D447B-525C-411C-A5BF-3F2D866BE051}.Debug|Any CPU.ActiveCfg = Debug|Any CPU
		{ED5D447B-525C-411C-A5BF-3F2D866BE051}.Debug|Any CPU.Build.0 = Debug|Any CPU
		{ED5D447B-525C-411C-A5BF-3F2D866BE051}.Release|Any CPU.ActiveCfg = Release|Any CPU
		{ED5D447B-525C-411C-A5BF-3F2D866BE051}.Release|Any CPU.Build.0 = Release|Any CPU
		{93DF8E4B-042C-4FAA-BD3F-DBB089F5C370}.Debug|Any CPU.ActiveCfg = Debug|Any CPU
		{93DF8E4B-042C-4FAA-BD3F-DBB089F5C370}.Debug|Any CPU.Build.0 = Debug|Any CPU
		{93DF8E4B-042C-4FAA-BD3F-DBB089F5C370}.Release|Any CPU.ActiveCfg = Release|Any CPU
		{93DF8E4B-042C-4FAA-BD3F-DBB089F5C370}.Release|Any CPU.Build.0 = Release|Any CPU
		{B4D94D0A-864D-4309-BCE0-A67CCF3721E4}.Debug|Any CPU.ActiveCfg = Debug|Any CPU
		{B4D94D0A-864D-4309-BCE0-A67CCF3721E4}.Debug|Any CPU.Build.0 = Debug|Any CPU
		{B4D94D0A-864D-4309-BCE0-A67CCF3721E4}.Release|Any CPU.ActiveCfg = Release|Any CPU
		{B4D94D0A-864D-4309-BCE0-A67CCF3721E4}.Release|Any CPU.Build.0 = Release|Any CPU
		{2D20AF75-0F4C-48C9-9DF5-7D6606867968}.Debug|Any CPU.ActiveCfg = Debug|Any CPU
		{2D20AF75-0F4C-48C9-9DF5-7D6606867968}.Debug|Any CPU.Build.0 = Debug|Any CPU
		{2D20AF75-0F4C-48C9-9DF5-7D6606867968}.Release|Any CPU.ActiveCfg = Release|Any CPU
		{2D20AF75-0F4C-48C9-9DF5-7D6606867968}.Release|Any CPU.Build.0 = Release|Any CPU
		{42B61F22-16E8-4AA7-B370-BB26C181700D}.Debug|Any CPU.ActiveCfg = Debug|Any CPU
		{42B61F22-16E8-4AA7-B370-BB26C181700D}.Debug|Any CPU.Build.0 = Debug|Any CPU
		{42B61F22-16E8-4AA7-B370-BB26C181700D}.Release|Any CPU.ActiveCfg = Release|Any CPU
		{42B61F22-16E8-4AA7-B370-BB26C181700D}.Release|Any CPU.Build.0 = Release|Any CPU
		{F3FE517F-BA47-4519-8C8A-C302E77E5918}.Debug|Any CPU.ActiveCfg = Debug|Any CPU
		{F3FE517F-BA47-4519-8C8A-C302E77E5918}.Debug|Any CPU.Build.0 = Debug|Any CPU
		{F3FE517F-BA47-4519-8C8A-C302E77E5918}.Release|Any CPU.ActiveCfg = Release|Any CPU
		{F3FE517F-BA47-4519-8C8A-C302E77E5918}.Release|Any CPU.Build.0 = Release|Any CPU
	EndGlobalSection
	GlobalSection(SolutionProperties) = preSolution
		HideSolutionNode = FALSE
	EndGlobalSection
	GlobalSection(ExtensibilityGlobals) = postSolution
		SolutionGuid = {D669256F-7C44-49E6-920B-715B9DC20082}
	EndGlobalSection
EndGlobal
